
Microsoft Visual Studio Solution File, Format Version 12.00
# Visual Studio 15
VisualStudioVersion = 15.0.28307.1169
MinimumVisualStudioVersion = 10.0.40219.1
Project("{888888A0-9F3D-457C-B088-3A5042F75D52}") = "verteiltes_yolov3", "verteiltes_yolov3\verteiltes_yolov3.pyproj", "{951671EE-82F6-43B5-AA85-D28CDDE0F53E}"
EndProject
Project("{2150E333-8FDC-42A3-9474-1A3956D46DE8}") = "Solution Items", "Solution Items", "{44432A87-7712-4757-91D5-0457B33DF67B}"
	ProjectSection(SolutionItems) = preProject
		ReadMe.md = ReadMe.md
	EndProjectSection
EndProject
Global
	GlobalSection(SolutionConfigurationPlatforms) = preSolution
		Debug|Any CPU = Debug|Any CPU
		Release|Any CPU = Release|Any CPU
	EndGlobalSection
	GlobalSection(ProjectConfigurationPlatforms) = postSolution
		{951671EE-82F6-43B5-AA85-D28CDDE0F53E}.Debug|Any CPU.ActiveCfg = Debug|Any CPU
		{951671EE-82F6-43B5-AA85-D28CDDE0F53E}.Release|Any CPU.ActiveCfg = Release|Any CPU
	EndGlobalSection
	GlobalSection(SolutionProperties) = preSolution
		HideSolutionNode = FALSE
	EndGlobalSection
	GlobalSection(ExtensibilityGlobals) = postSolution
		SolutionGuid = {B25B25CF-8FF4-49ED-AA99-A0069C8242C9}
	EndGlobalSection
EndGlobal
